
Microsoft Visual Studio Solution File, Format Version 12.00
# Visual Studio Version 17
VisualStudioVersion = 17.3.32825.248
MinimumVisualStudioVersion = 10.0.40219.1
Project("{FAE04EC0-301F-11D3-BF4B-00C04F79EFBC}") = "Appka259237_1", "Appka259237_1\Appka259237_1.csproj", "{082688D9-D061-473A-AAE2-F51F5A3F9262}"
EndProject
Project("{FAE04EC0-301F-11D3-BF4B-00C04F79EFBC}") = "UnitTestProject1", "UnitTestProject1\UnitTestProject1.csproj", "{478E4E8B-0B17-436D-AADB-22CF0B3CC059}"
EndProject
Global
	GlobalSection(SolutionConfigurationPlatforms) = preSolution
		Debug|Any CPU = Debug|Any CPU
		Release|Any CPU = Release|Any CPU
	EndGlobalSection
	GlobalSection(ProjectConfigurationPlatforms) = postSolution
		{082688D9-D061-473A-AAE2-F51F5A3F9262}.Debug|Any CPU.ActiveCfg = Debug|Any CPU
		{082688D9-D061-473A-AAE2-F51F5A3F9262}.Debug|Any CPU.Build.0 = Debug|Any CPU
		{082688D9-D061-473A-AAE2-F51F5A3F9262}.Release|Any CPU.ActiveCfg = Release|Any CPU
		{082688D9-D061-473A-AAE2-F51F5A3F9262}.Release|Any CPU.Build.0 = Release|Any CPU
		{478E4E8B-0B17-436D-AADB-22CF0B3CC059}.Debug|Any CPU.ActiveCfg = Debug|Any CPU
		{478E4E8B-0B17-436D-AADB-22CF0B3CC059}.Debug|Any CPU.Build.0 = Debug|Any CPU
		{478E4E8B-0B17-436D-AADB-22CF0B3CC059}.Release|Any CPU.ActiveCfg = Release|Any CPU
		{478E4E8B-0B17-436D-AADB-22CF0B3CC059}.Release|Any CPU.Build.0 = Release|Any CPU
	EndGlobalSection
	GlobalSection(SolutionProperties) = preSolution
		HideSolutionNode = FALSE
	EndGlobalSection
	GlobalSection(ExtensibilityGlobals) = postSolution
		SolutionGuid = {6752276D-F3B0-48F2-BAA2-FB669F23EE46}
	EndGlobalSection
EndGlobal
